
Microsoft Visual Studio Solution File, Format Version 12.00
# Visual Studio Version 17
VisualStudioVersion = 17.5.002.0
MinimumVisualStudioVersion = 10.0.40219.1
Project("{2150E333-8FDC-42A3-9474-1A3956D46DE8}") = "src", "src", "{1E4E9459-2A77-4C46-B7FB-568D3F030CB7}"
EndProject
Project("{9A19103F-16F7-4668-BE54-9A1E7A4F7556}") = "Play.Catalog.Contracts", "src\Play.Catalog.Contracts\Play.Catalog.Contracts.csproj", "{69A395EC-519D-4E8F-9A20-5A61EA0B9981}"
EndProject
Project("{9A19103F-16F7-4668-BE54-9A1E7A4F7556}") = "Play.Catalog.Service", "src\Play.Catalog.Service\Play.Catalog.Service.csproj", "{2FE128D0-269B-4828-B2EF-562F49BF555C}"
EndProject
Global
	GlobalSection(SolutionConfigurationPlatforms) = preSolution
		Debug|Any CPU = Debug|Any CPU
		Release|Any CPU = Release|Any CPU
	EndGlobalSection
	GlobalSection(ProjectConfigurationPlatforms) = postSolution
		{69A395EC-519D-4E8F-9A20-5A61EA0B9981}.Debug|Any CPU.ActiveCfg = Debug|Any CPU
		{69A395EC-519D-4E8F-9A20-5A61EA0B9981}.Debug|Any CPU.Build.0 = Debug|Any CPU
		{69A395EC-519D-4E8F-9A20-5A61EA0B9981}.Release|Any CPU.ActiveCfg = Release|Any CPU
		{69A395EC-519D-4E8F-9A20-5A61EA0B9981}.Release|Any CPU.Build.0 = Release|Any CPU
		{2FE128D0-269B-4828-B2EF-562F49BF555C}.Debug|Any CPU.ActiveCfg = Debug|Any CPU
		{2FE128D0-269B-4828-B2EF-562F49BF555C}.Debug|Any CPU.Build.0 = Debug|Any CPU
		{2FE128D0-269B-4828-B2EF-562F49BF555C}.Release|Any CPU.ActiveCfg = Release|Any CPU
		{2FE128D0-269B-4828-B2EF-562F49BF555C}.Release|Any CPU.Build.0 = Release|Any CPU
	EndGlobalSection
	GlobalSection(SolutionProperties) = preSolution
		HideSolutionNode = FALSE
	EndGlobalSection
	GlobalSection(NestedProjects) = preSolution
		{69A395EC-519D-4E8F-9A20-5A61EA0B9981} = {1E4E9459-2A77-4C46-B7FB-568D3F030CB7}
		{2FE128D0-269B-4828-B2EF-562F49BF555C} = {1E4E9459-2A77-4C46-B7FB-568D3F030CB7}
	EndGlobalSection
	GlobalSection(ExtensibilityGlobals) = postSolution
		SolutionGuid = {7E127C9E-02B2-4686-B809-4056EB5C2F7B}
	EndGlobalSection
EndGlobal
